speakeasyVersion: 1.476.0
sources:
    merge-code-samples-into-spec:
        sourceNamespace: merge-code-samples-into-spec
        sourceRevisionDigest: sha256:995f04673dc0ac806626449d99e026171dfcf31a010a9c898b4d272f913efda4
        sourceBlobDigest: sha256:71644333531dc15080bf7d89c4db1f2737f425eab9ee37bce1b426ae8b1e412e
        tags:
            - latest
            - speakeasy-sdk-regen-1737678091
            - 0.0.1
targets: {}
workflow:
    workflowVersion: 1.0.0
    speakeasyVersion: latest
    sources:
        merge-code-samples-into-spec:
            inputs:
                - location: registry.speakeasyapi.dev/dub/dub/my-first-source
            overlays:
                - location: registry.speakeasyapi.dev/dub/dub/code-samples-typescript-my-first-target:main
                - location: registry.speakeasyapi.dev/dub/dub/code-samples-go-my-first-target:main
                - location: registry.speakeasyapi.dev/dub/dub/code-samples-ruby-my-first-target:main
                - location: registry.speakeasyapi.dev/dub/dub/code-samples-php-my-first-target:main
                - location: registry.speakeasyapi.dev/dub/dub/code-samples-python-my-first-target:main
                - fallbackCodeSamplesLanguage: java
            output: ./openapi-with-code-samples.yaml
            registry:
                location: registry.speakeasyapi.dev/dub/dub/merge-code-samples-into-spec
    targets: {}
